
Microsoft Visual Studio Solution File, Format Version 12.00
# Visual Studio Version 17
VisualStudioVersion = 17.10.35013.160
MinimumVisualStudioVersion = 10.0.40219.1
Project("{2150E333-8FDC-42A3-9474-1A3956D46DE8}") = "1.Service", "1.Service", "{D7827B7D-3271-45F4-BFFC-966BDC501B56}"
EndProject
Project("{9A19103F-16F7-4668-BE54-9A1E7A4F7556}") = "OrderService", "1.Service\OrderService\OrderService.csproj", "{CD9777A9-8572-4A63-9B81-F8B053E89F47}"
EndProject
Project("{2150E333-8FDC-42A3-9474-1A3956D46DE8}") = "Order", "Order", "{4802A648-B41B-4578-883B-42D2E0A772D1}"
EndProject
Project("{2150E333-8FDC-42A3-9474-1A3956D46DE8}") = "Inventory", "Inventory", "{5A8619E4-4FF9-46E3-AF77-09259CD62184}"
EndProject
Project("{9A19103F-16F7-4668-BE54-9A1E7A4F7556}") = "InventoryService", "1.Service\InventoryService\InventoryService.csproj", "{72443782-9064-429F-AB74-889EC4293659}"
EndProject
Project("{2150E333-8FDC-42A3-9474-1A3956D46DE8}") = "ProductionService", "ProductionService", "{A99552D2-3A5B-436F-A3A9-A0B5B5D390BE}"
EndProject
Global
	GlobalSection(SolutionConfigurationPlatforms) = preSolution
		Debug|Any CPU = Debug|Any CPU
		Release|Any CPU = Release|Any CPU
	EndGlobalSection
	GlobalSection(ProjectConfigurationPlatforms) = postSolution
		{CD9777A9-8572-4A63-9B81-F8B053E89F47}.Debug|Any CPU.ActiveCfg = Debug|Any CPU
		{CD9777A9-8572-4A63-9B81-F8B053E89F47}.Debug|Any CPU.Build.0 = Debug|Any CPU
		{CD9777A9-8572-4A63-9B81-F8B053E89F47}.Release|Any CPU.ActiveCfg = Release|Any CPU
		{CD9777A9-8572-4A63-9B81-F8B053E89F47}.Release|Any CPU.Build.0 = Release|Any CPU
		{72443782-9064-429F-AB74-889EC4293659}.Debug|Any CPU.ActiveCfg = Debug|Any CPU
		{72443782-9064-429F-AB74-889EC4293659}.Debug|Any CPU.Build.0 = Debug|Any CPU
		{72443782-9064-429F-AB74-889EC4293659}.Release|Any CPU.ActiveCfg = Release|Any CPU
		{72443782-9064-429F-AB74-889EC4293659}.Release|Any CPU.Build.0 = Release|Any CPU
	EndGlobalSection
	GlobalSection(SolutionProperties) = preSolution
		HideSolutionNode = FALSE
	EndGlobalSection
	GlobalSection(NestedProjects) = preSolution
		{CD9777A9-8572-4A63-9B81-F8B053E89F47} = {4802A648-B41B-4578-883B-42D2E0A772D1}
		{4802A648-B41B-4578-883B-42D2E0A772D1} = {D7827B7D-3271-45F4-BFFC-966BDC501B56}
		{5A8619E4-4FF9-46E3-AF77-09259CD62184} = {D7827B7D-3271-45F4-BFFC-966BDC501B56}
		{72443782-9064-429F-AB74-889EC4293659} = {5A8619E4-4FF9-46E3-AF77-09259CD62184}
		{A99552D2-3A5B-436F-A3A9-A0B5B5D390BE} = {D7827B7D-3271-45F4-BFFC-966BDC501B56}
	EndGlobalSection
	GlobalSection(ExtensibilityGlobals) = postSolution
		SolutionGuid = {AF200F3F-BF5C-4519-910F-0DC2AEC58E20}
	EndGlobalSection
EndGlobal
